{
  "requires": true,
  "lockfileVersion": 1,
  "dependencies": {
    "monaco-editor": {
      "version": "0.11.1",
      "resolved": "https://registry.npmjs.org/monaco-editor/-/monaco-editor-0.11.1.tgz",
      "integrity": "sha512-4YSt6oONBNfPEKuMURcNfIGYSs4peUwA7niOK/V4iJe4kJQcWrVMjHZ4alvFtPXtGn1F6Zrih5RdS7zeXLMLLg=="
    }
  }
}
